
Microsoft Visual Studio Solution File, Format Version 12.00
# Visual Studio 15
Project("{FAE04EC0-301F-11D3-BF4B-00C04F79EFBC}") = "AK.Wwise.Unity.API", "AK.Wwise.Unity.API.csproj", "{B5354D0E-8C06-7E3A-5B8B-FAB754B1F5D4}"
EndProject
Project("{FAE04EC0-301F-11D3-BF4B-00C04F79EFBC}") = "AK.Wwise.Unity.MonoBehaviour", "AK.Wwise.Unity.MonoBehaviour.csproj", "{DC60BAAE-CFF7-2A10-55E7-C10D432ABFEB}"
EndProject
Project("{FAE04EC0-301F-11D3-BF4B-00C04F79EFBC}") = "Assembly-CSharp", "Assembly-CSharp.csproj", "{B5B99D0A-3BF3-50DB-B737-9534294685CF}"
EndProject
Project("{FAE04EC0-301F-11D3-BF4B-00C04F79EFBC}") = "AK.Wwise.Unity.Timeline", "AK.Wwise.Unity.Timeline.csproj", "{871757F9-BDE0-991F-DE64-4B1F5059AF9C}"
EndProject
Project("{FAE04EC0-301F-11D3-BF4B-00C04F79EFBC}") = "AK.Wwise.Unity.API.WwiseTypes", "AK.Wwise.Unity.API.WwiseTypes.csproj", "{D3034113-63DD-58BF-9198-2D86D6AE5BBE}"
EndProject
Project("{FAE04EC0-301F-11D3-BF4B-00C04F79EFBC}") = "Ak.Wwise.Api.WAAPI", "Ak.Wwise.Api.WAAPI.csproj", "{85456F37-148B-7C2D-5EB3-F8F5A4681FA3}"
EndProject
Project("{FAE04EC0-301F-11D3-BF4B-00C04F79EFBC}") = "AK.Wwise.Unity.API.Editor", "AK.Wwise.Unity.API.Editor.csproj", "{4A6E3C4D-7969-4D04-C661-5DABDAF0CFC2}"
EndProject
Project("{FAE04EC0-301F-11D3-BF4B-00C04F79EFBC}") = "AK.Wwise.Unity.MonoBehaviour.Editor", "AK.Wwise.Unity.MonoBehaviour.Editor.csproj", "{570BDC1A-FC9F-436B-F06A-FC9A340F2480}"
EndProject
Project("{FAE04EC0-301F-11D3-BF4B-00C04F79EFBC}") = "Assembly-CSharp-Editor", "Assembly-CSharp-Editor.csproj", "{9F541A59-154C-041E-516E-62F26D642646}"
EndProject
Project("{FAE04EC0-301F-11D3-BF4B-00C04F79EFBC}") = "AK.Wwise.Unity.Timeline.Editor", "AK.Wwise.Unity.Timeline.Editor.csproj", "{ADBFBE4C-5870-9DA6-D538-CD985162B695}"
EndProject
Global
	GlobalSection(SolutionConfigurationPlatforms) = preSolution
		Debug|Any CPU = Debug|Any CPU
		Release|Any CPU = Release|Any CPU
	EndGlobalSection
	GlobalSection(ProjectConfigurationPlatforms) = postSolution
		{B5354D0E-8C06-7E3A-5B8B-FAB754B1F5D4}.Debug|Any CPU.ActiveCfg = Debug|Any CPU
		{B5354D0E-8C06-7E3A-5B8B-FAB754B1F5D4}.Debug|Any CPU.Build.0 = Debug|Any CPU
		{B5354D0E-8C06-7E3A-5B8B-FAB754B1F5D4}.Release|Any CPU.ActiveCfg = Release|Any CPU
		{B5354D0E-8C06-7E3A-5B8B-FAB754B1F5D4}.Release|Any CPU.Build.0 = Release|Any CPU
		{DC60BAAE-CFF7-2A10-55E7-C10D432ABFEB}.Debug|Any CPU.ActiveCfg = Debug|Any CPU
		{DC60BAAE-CFF7-2A10-55E7-C10D432ABFEB}.Debug|Any CPU.Build.0 = Debug|Any CPU
		{DC60BAAE-CFF7-2A10-55E7-C10D432ABFEB}.Release|Any CPU.ActiveCfg = Release|Any CPU
		{DC60BAAE-CFF7-2A10-55E7-C10D432ABFEB}.Release|Any CPU.Build.0 = Release|Any CPU
		{B5B99D0A-3BF3-50DB-B737-9534294685CF}.Debug|Any CPU.ActiveCfg = Debug|Any CPU
		{B5B99D0A-3BF3-50DB-B737-9534294685CF}.Debug|Any CPU.Build.0 = Debug|Any CPU
		{B5B99D0A-3BF3-50DB-B737-9534294685CF}.Release|Any CPU.ActiveCfg = Release|Any CPU
		{B5B99D0A-3BF3-50DB-B737-9534294685CF}.Release|Any CPU.Build.0 = Release|Any CPU
		{871757F9-BDE0-991F-DE64-4B1F5059AF9C}.Debug|Any CPU.ActiveCfg = Debug|Any CPU
		{871757F9-BDE0-991F-DE64-4B1F5059AF9C}.Debug|Any CPU.Build.0 = Debug|Any CPU
		{871757F9-BDE0-991F-DE64-4B1F5059AF9C}.Release|Any CPU.ActiveCfg = Release|Any CPU
		{871757F9-BDE0-991F-DE64-4B1F5059AF9C}.Release|Any CPU.Build.0 = Release|Any CPU
		{D3034113-63DD-58BF-9198-2D86D6AE5BBE}.Debug|Any CPU.ActiveCfg = Debug|Any CPU
		{D3034113-63DD-58BF-9198-2D86D6AE5BBE}.Debug|Any CPU.Build.0 = Debug|Any CPU
		{D3034113-63DD-58BF-9198-2D86D6AE5BBE}.Release|Any CPU.ActiveCfg = Release|Any CPU
		{D3034113-63DD-58BF-9198-2D86D6AE5BBE}.Release|Any CPU.Build.0 = Release|Any CPU
		{85456F37-148B-7C2D-5EB3-F8F5A4681FA3}.Debug|Any CPU.ActiveCfg = Debug|Any CPU
		{85456F37-148B-7C2D-5EB3-F8F5A4681FA3}.Debug|Any CPU.Build.0 = Debug|Any CPU
		{85456F37-148B-7C2D-5EB3-F8F5A4681FA3}.Release|Any CPU.ActiveCfg = Release|Any CPU
		{85456F37-148B-7C2D-5EB3-F8F5A4681FA3}.Release|Any CPU.Build.0 = Release|Any CPU
		{4A6E3C4D-7969-4D04-C661-5DABDAF0CFC2}.Debug|Any CPU.ActiveCfg = Debug|Any CPU
		{4A6E3C4D-7969-4D04-C661-5DABDAF0CFC2}.Debug|Any CPU.Build.0 = Debug|Any CPU
		{4A6E3C4D-7969-4D04-C661-5DABDAF0CFC2}.Release|Any CPU.ActiveCfg = Release|Any CPU
		{4A6E3C4D-7969-4D04-C661-5DABDAF0CFC2}.Release|Any CPU.Build.0 = Release|Any CPU
		{570BDC1A-FC9F-436B-F06A-FC9A340F2480}.Debug|Any CPU.ActiveCfg = Debug|Any CPU
		{570BDC1A-FC9F-436B-F06A-FC9A340F2480}.Debug|Any CPU.Build.0 = Debug|Any CPU
		{570BDC1A-FC9F-436B-F06A-FC9A340F2480}.Release|Any CPU.ActiveCfg = Release|Any CPU
		{570BDC1A-FC9F-436B-F06A-FC9A340F2480}.Release|Any CPU.Build.0 = Release|Any CPU
		{9F541A59-154C-041E-516E-62F26D642646}.Debug|Any CPU.ActiveCfg = Debug|Any CPU
		{9F541A59-154C-041E-516E-62F26D642646}.Debug|Any CPU.Build.0 = Debug|Any CPU
		{9F541A59-154C-041E-516E-62F26D642646}.Release|Any CPU.ActiveCfg = Release|Any CPU
		{9F541A59-154C-041E-516E-62F26D642646}.Release|Any CPU.Build.0 = Release|Any CPU
		{ADBFBE4C-5870-9DA6-D538-CD985162B695}.Debug|Any CPU.ActiveCfg = Debug|Any CPU
		{ADBFBE4C-5870-9DA6-D538-CD985162B695}.Debug|Any CPU.Build.0 = Debug|Any CPU
		{ADBFBE4C-5870-9DA6-D538-CD985162B695}.Release|Any CPU.ActiveCfg = Release|Any CPU
		{ADBFBE4C-5870-9DA6-D538-CD985162B695}.Release|Any CPU.Build.0 = Release|Any CPU
	EndGlobalSection
	GlobalSection(SolutionProperties) = preSolution
		HideSolutionNode = FALSE
	EndGlobalSection
EndGlobal
